<?xml version="1.0" encoding="utf-8"?>
<Project ToolsVersion="4.0" xmlns="http://schemas.microsoft.com/developer/msbuild/2003">
  <ItemGroup>
    <Filter Include="Source Files">
      <UniqueIdentifier>{4FC737F1-C7A5-4376-A066-2A32D752A2FF}</UniqueIdentifier>
      <Extensions>cpp;c;cc;cxx;c++;cppm;ixx;def;odl;idl;hpj;bat;asm;asmx</Extensions>
    </Filter>
    <Filter Include="Header Files">
      <UniqueIdentifier>{93995380-89BD-4b04-88EB-625FBE52EBFB}</UniqueIdentifier>
      <Extensions>h;hh;hpp;hxx;h++;hm;inl;inc;ipp;xsd</Extensions>
    </Filter>
    <Filter Include="Resource Files">
      <UniqueIdentifier>{67DA6AB6-F800-4c08-8B7A-83BB121AAD01}</UniqueIdentifier>
      <Extensions>rc;ico;cur;bmp;dlg;rc2;rct;bin;rgs;gif;jpg;jpeg;jpe;resx;tiff;tif;png;wav;mfcribbon-ms</Extensions>
    </Filter>
    <Filter Include="Header Files\container">
      <UniqueIdentifier>{16f611a5-e0ff-4baa-bae2-3a344b234871}</UniqueIdentifier>
    </Filter>
    <Filter Include="Header Files\sort">
      <UniqueIdentifier>{ef45ead0-ced3-45fd-803a-71422e65f6fd}</UniqueIdentifier>
    </Filter>
    <Filter Include="Header Files\tree">
      <UniqueIdentifier>{55cc955c-0531-4b05-9542-9858b19f093f}</UniqueIdentifier>
    </Filter>
    <Filter Include="Header Files\utils">
      <UniqueIdentifier>{05a7dd48-0ea3-4de0-b6e1-b1fc91a18d6d}</UniqueIdentifier>
    </Filter>
    <Filter Include="Header Files\graph">
      <UniqueIdentifier>{2a072191-590a-4dd9-8792-a1c40db19a60}</UniqueIdentifier>
    </Filter>
  </ItemGroup>
  <ItemGroup>
    <ClCompile Include="main.cpp">
      <Filter>Source Files</Filter>
    </ClCompile>
  </ItemGroup>
  <ItemGroup>
    <ResourceCompile Include="Algorithms.rc">
      <Filter>Resource Files</Filter>
    </ResourceCompile>
  </ItemGroup>
  <ItemGroup>
    <ClInclude Include="algorithm.h">
      <Filter>Header Files</Filter>
    </ClInclude>
    <ClInclude Include="container\container.h">
      <Filter>Header Files\container</Filter>
    </ClInclude>
    <ClInclude Include="container\disjoint_set.h">
      <Filter>Header Files\container</Filter>
    </ClInclude>
    <ClInclude Include="container\list.h">
      <Filter>Header Files\container</Filter>
    </ClInclude>
    <ClInclude Include="container\queue.h">
      <Filter>Header Files\container</Filter>
    </ClInclude>
    <ClInclude Include="container\stack.h">
      <Filter>Header Files\container</Filter>
    </ClInclude>
    <ClInclude Include="tree\binary_search_tree.h">
      <Filter>Header Files\tree</Filter>
    </ClInclude>
    <ClInclude Include="tree\decision_tree.h">
      <Filter>Header Files\tree</Filter>
    </ClInclude>
    <ClInclude Include="tree\fibonacci_heap.h">
      <Filter>Header Files\tree</Filter>
    </ClInclude>
    <ClInclude Include="tree\red_black_tree.h">
      <Filter>Header Files\tree</Filter>
    </ClInclude>
    <ClInclude Include="tree\tree.h">
      <Filter>Header Files\tree</Filter>
    </ClInclude>
    <ClInclude Include="sort\sort.h">
      <Filter>Header Files\sort</Filter>
    </ClInclude>
    <ClInclude Include="utils\utils.h">
      <Filter>Header Files\utils</Filter>
    </ClInclude>
    <ClInclude Include="sort\bucket_sort.h">
      <Filter>Header Files\sort</Filter>
    </ClInclude>
    <ClInclude Include="sort\counting_sort.h">
      <Filter>Header Files\sort</Filter>
    </ClInclude>
    <ClInclude Include="sort\heapsort.h">
      <Filter>Header Files\sort</Filter>
    </ClInclude>
    <ClInclude Include="sort\insertionsort.h">
      <Filter>Header Files\sort</Filter>
    </ClInclude>
    <ClInclude Include="sort\mergesort.h">
      <Filter>Header Files\sort</Filter>
    </ClInclude>
    <ClInclude Include="sort\radix_sort.h">
      <Filter>Header Files\sort</Filter>
    </ClInclude>
    <ClInclude Include="sort\timsort.h">
      <Filter>Header Files\sort</Filter>
    </ClInclude>
    <ClInclude Include="sort\quicksort.h">
      <Filter>Header Files\sort</Filter>
    </ClInclude>
    <ClInclude Include="bitset.h">
      <Filter>Header Files\container</Filter>
    </ClInclude>
    <ClInclude Include="graph.h">
      <Filter>Header Files\graph</Filter>
    </ClInclude>
  </ItemGroup>
  <ItemGroup>
    <None Include="data\iris.csv">
      <Filter>Resource Files</Filter>
    </None>
  </ItemGroup>
</Project>